
Microsoft Visual Studio Solution File, Format Version 12.00
# Visual Studio Version 17
VisualStudioVersion = 17.0.32014.148
MinimumVisualStudioVersion = 10.0.40219.1
Project("{FAE04EC0-301F-11D3-BF4B-00C04F79EFBC}") = "PrimeiroProjeto", "PrimeiroProjeto\PrimeiroProjeto.csproj", "{40028D66-5683-4621-BE6F-A0D0EC72292A}"
EndProject
Project("{FAE04EC0-301F-11D3-BF4B-00C04F79EFBC}") = "PrimeiroProjetoTests", "PrimeiroProjetoTests\PrimeiroProjetoTests.csproj", "{9D3F0D19-F468-4C92-B3FC-CF79C981A313}"
EndProject
Global
	GlobalSection(SolutionConfigurationPlatforms) = preSolution
		Debug|Any CPU = Debug|Any CPU
		Release|Any CPU = Release|Any CPU
	EndGlobalSection
	GlobalSection(ProjectConfigurationPlatforms) = postSolution
		{40028D66-5683-4621-BE6F-A0D0EC72292A}.Debug|Any CPU.ActiveCfg = Debug|Any CPU
		{40028D66-5683-4621-BE6F-A0D0EC72292A}.Debug|Any CPU.Build.0 = Debug|Any CPU
		{40028D66-5683-4621-BE6F-A0D0EC72292A}.Release|Any CPU.ActiveCfg = Release|Any CPU
		{40028D66-5683-4621-BE6F-A0D0EC72292A}.Release|Any CPU.Build.0 = Release|Any CPU
		{9D3F0D19-F468-4C92-B3FC-CF79C981A313}.Debug|Any CPU.ActiveCfg = Debug|Any CPU
		{9D3F0D19-F468-4C92-B3FC-CF79C981A313}.Debug|Any CPU.Build.0 = Debug|Any CPU
		{9D3F0D19-F468-4C92-B3FC-CF79C981A313}.Release|Any CPU.ActiveCfg = Release|Any CPU
		{9D3F0D19-F468-4C92-B3FC-CF79C981A313}.Release|Any CPU.Build.0 = Release|Any CPU
	EndGlobalSection
	GlobalSection(SolutionProperties) = preSolution
		HideSolutionNode = FALSE
	EndGlobalSection
	GlobalSection(ExtensibilityGlobals) = postSolution
		SolutionGuid = {AE82D6BF-EC7F-4EA8-BE1B-F709A9F2AA2E}
	EndGlobalSection
EndGlobal
